
Microsoft Visual Studio Solution File, Format Version 12.00
# Visual Studio Version 16
VisualStudioVersion = 16.0.31321.278
MinimumVisualStudioVersion = 10.0.40219.1
Project("{FAE04EC0-301F-11D3-BF4B-00C04F79EFBC}") = "WebApplication1", "WebApplication1\WebApplication1.csproj", "{69E657F0-5929-4A86-A5CF-E4107E5B3CEF}"
EndProject
Global
	GlobalSection(SolutionConfigurationPlatforms) = preSolution
		Debug|Any CPU = Debug|Any CPU
		Release|Any CPU = Release|Any CPU
	EndGlobalSection
	GlobalSection(ProjectConfigurationPlatforms) = postSolution
		{69E657F0-5929-4A86-A5CF-E4107E5B3CEF}.Debug|Any CPU.ActiveCfg = Debug|Any CPU
		{69E657F0-5929-4A86-A5CF-E4107E5B3CEF}.Debug|Any CPU.Build.0 = Debug|Any CPU
		{69E657F0-5929-4A86-A5CF-E4107E5B3CEF}.Release|Any CPU.ActiveCfg = Release|Any CPU
		{69E657F0-5929-4A86-A5CF-E4107E5B3CEF}.Release|Any CPU.Build.0 = Release|Any CPU
	EndGlobalSection
	GlobalSection(SolutionProperties) = preSolution
		HideSolutionNode = FALSE
	EndGlobalSection
	GlobalSection(ExtensibilityGlobals) = postSolution
		SolutionGuid = {F12D848C-7858-4BCC-86B4-C9B7F45DAE7C}
	EndGlobalSection
EndGlobal
